
Microsoft Visual Studio Solution File, Format Version 12.00
# Visual Studio Version 16
VisualStudioVersion = 16.0.29905.134
MinimumVisualStudioVersion = 10.0.40219.1
Project("{9A19103F-16F7-4668-BE54-9A1E7A4F7556}") = "CryptoSym", "CryptoSym\CryptoSym.csproj", "{5BC9CF22-B931-41AC-9549-0534CEFE1371}"
EndProject
Project("{9A19103F-16F7-4668-BE54-9A1E7A4F7556}") = "CryptoSym.AES", "CryptoSym.AES\CryptoSym.AES.csproj", "{928D5147-9AF7-4707-95C2-2C2E5E016183}"
EndProject
Project("{9A19103F-16F7-4668-BE54-9A1E7A4F7556}") = "CryptoSym.AES.Tests", "CryptoSym.AES.Tests\CryptoSym.AES.Tests.csproj", "{67B9DC48-F6E7-4875-AA40-E5BB8BB89D57}"
EndProject
Project("{FAE04EC0-301F-11D3-BF4B-00C04F79EFBC}") = "CryptoSym.Kalyna", "CryptoSym.Kalyna\CryptoSym.Kalyna.csproj", "{68C41E61-7452-4E42-B553-A33417AFA44A}"
EndProject
Global
	GlobalSection(SolutionConfigurationPlatforms) = preSolution
		Debug|Any CPU = Debug|Any CPU
		Release|Any CPU = Release|Any CPU
	EndGlobalSection
	GlobalSection(ProjectConfigurationPlatforms) = postSolution
		{5BC9CF22-B931-41AC-9549-0534CEFE1371}.Debug|Any CPU.ActiveCfg = Debug|Any CPU
		{5BC9CF22-B931-41AC-9549-0534CEFE1371}.Debug|Any CPU.Build.0 = Debug|Any CPU
		{5BC9CF22-B931-41AC-9549-0534CEFE1371}.Release|Any CPU.ActiveCfg = Release|Any CPU
		{5BC9CF22-B931-41AC-9549-0534CEFE1371}.Release|Any CPU.Build.0 = Release|Any CPU
		{928D5147-9AF7-4707-95C2-2C2E5E016183}.Debug|Any CPU.ActiveCfg = Debug|Any CPU
		{928D5147-9AF7-4707-95C2-2C2E5E016183}.Debug|Any CPU.Build.0 = Debug|Any CPU
		{928D5147-9AF7-4707-95C2-2C2E5E016183}.Release|Any CPU.ActiveCfg = Release|Any CPU
		{928D5147-9AF7-4707-95C2-2C2E5E016183}.Release|Any CPU.Build.0 = Release|Any CPU
		{67B9DC48-F6E7-4875-AA40-E5BB8BB89D57}.Debug|Any CPU.ActiveCfg = Debug|Any CPU
		{67B9DC48-F6E7-4875-AA40-E5BB8BB89D57}.Debug|Any CPU.Build.0 = Debug|Any CPU
		{67B9DC48-F6E7-4875-AA40-E5BB8BB89D57}.Release|Any CPU.ActiveCfg = Release|Any CPU
		{67B9DC48-F6E7-4875-AA40-E5BB8BB89D57}.Release|Any CPU.Build.0 = Release|Any CPU
		{68C41E61-7452-4E42-B553-A33417AFA44A}.Debug|Any CPU.ActiveCfg = Debug|Any CPU
		{68C41E61-7452-4E42-B553-A33417AFA44A}.Debug|Any CPU.Build.0 = Debug|Any CPU
		{68C41E61-7452-4E42-B553-A33417AFA44A}.Release|Any CPU.ActiveCfg = Release|Any CPU
		{68C41E61-7452-4E42-B553-A33417AFA44A}.Release|Any CPU.Build.0 = Release|Any CPU
	EndGlobalSection
	GlobalSection(SolutionProperties) = preSolution
		HideSolutionNode = FALSE
	EndGlobalSection
	GlobalSection(ExtensibilityGlobals) = postSolution
		SolutionGuid = {6C085769-266A-459E-8D3C-C174408E4190}
	EndGlobalSection
EndGlobal
